
Microsoft Visual Studio Solution File, Format Version 12.00
# Visual Studio Version 17
VisualStudioVersion = 17.0.31903.59
MinimumVisualStudioVersion = 10.0.40219.1
Project("{2150E333-8FDC-42A3-9474-1A3956D46DE8}") = "src", "src", "{827E0CD3-B72D-47B6-A68D-7590B98EB39B}"
EndProject
Project("{FAE04EC0-301F-11D3-BF4B-00C04F79EFBC}") = "EFCore.Tagging", "src\EFCore.Tagging\EFCore.Tagging.csproj", "{FCE1EB96-AD53-4477-A023-65598FA6527E}"
EndProject
Project("{2150E333-8FDC-42A3-9474-1A3956D46DE8}") = "tests", "tests", "{0AB3BF05-4346-4AA6-1389-037BE0695223}"
EndProject
Project("{FAE04EC0-301F-11D3-BF4B-00C04F79EFBC}") = "EFCore.Tagging.Tests", "tests\EFCore.Tagging.Tests\EFCore.Tagging.Tests.csproj", "{25C35347-4CFB-418D-BC22-56CA7BB987FE}"
EndProject
Project("{2150E333-8FDC-42A3-9474-1A3956D46DE8}") = "samples", "samples", "{5D20AA90-6969-D8BD-9DCD-8634F4692FDA}"
EndProject
Project("{FAE04EC0-301F-11D3-BF4B-00C04F79EFBC}") = "EFCore.Tagging.Sample", "samples\EFCore.Tagging.Sample\EFCore.Tagging.Sample.csproj", "{E97BC504-C1CB-4A26-A042-F6487E18079B}"
EndProject
Global
	GlobalSection(SolutionConfigurationPlatforms) = preSolution
		Debug|Any CPU = Debug|Any CPU
		Debug|x64 = Debug|x64
		Debug|x86 = Debug|x86
		Release|Any CPU = Release|Any CPU
		Release|x64 = Release|x64
		Release|x86 = Release|x86
	EndGlobalSection
	GlobalSection(ProjectConfigurationPlatforms) = postSolution
		{FCE1EB96-AD53-4477-A023-65598FA6527E}.Debug|Any CPU.ActiveCfg = Debug|Any CPU
		{FCE1EB96-AD53-4477-A023-65598FA6527E}.Debug|Any CPU.Build.0 = Debug|Any CPU
		{FCE1EB96-AD53-4477-A023-65598FA6527E}.Debug|x64.ActiveCfg = Debug|Any CPU
		{FCE1EB96-AD53-4477-A023-65598FA6527E}.Debug|x64.Build.0 = Debug|Any CPU
		{FCE1EB96-AD53-4477-A023-65598FA6527E}.Debug|x86.ActiveCfg = Debug|Any CPU
		{FCE1EB96-AD53-4477-A023-65598FA6527E}.Debug|x86.Build.0 = Debug|Any CPU
		{FCE1EB96-AD53-4477-A023-65598FA6527E}.Release|Any CPU.ActiveCfg = Release|Any CPU
		{FCE1EB96-AD53-4477-A023-65598FA6527E}.Release|Any CPU.Build.0 = Release|Any CPU
		{FCE1EB96-AD53-4477-A023-65598FA6527E}.Release|x64.ActiveCfg = Release|Any CPU
		{FCE1EB96-AD53-4477-A023-65598FA6527E}.Release|x64.Build.0 = Release|Any CPU
		{FCE1EB96-AD53-4477-A023-65598FA6527E}.Release|x86.ActiveCfg = Release|Any CPU
		{FCE1EB96-AD53-4477-A023-65598FA6527E}.Release|x86.Build.0 = Release|Any CPU
		{25C35347-4CFB-418D-BC22-56CA7BB987FE}.Debug|Any CPU.ActiveCfg = Debug|Any CPU
		{25C35347-4CFB-418D-BC22-56CA7BB987FE}.Debug|Any CPU.Build.0 = Debug|Any CPU
		{25C35347-4CFB-418D-BC22-56CA7BB987FE}.Debug|x64.ActiveCfg = Debug|Any CPU
		{25C35347-4CFB-418D-BC22-56CA7BB987FE}.Debug|x64.Build.0 = Debug|Any CPU
		{25C35347-4CFB-418D-BC22-56CA7BB987FE}.Debug|x86.ActiveCfg = Debug|Any CPU
		{25C35347-4CFB-418D-BC22-56CA7BB987FE}.Debug|x86.Build.0 = Debug|Any CPU
		{25C35347-4CFB-418D-BC22-56CA7BB987FE}.Release|Any CPU.ActiveCfg = Release|Any CPU
		{25C35347-4CFB-418D-BC22-56CA7BB987FE}.Release|Any CPU.Build.0 = Release|Any CPU
		{25C35347-4CFB-418D-BC22-56CA7BB987FE}.Release|x64.ActiveCfg = Release|Any CPU
		{25C35347-4CFB-418D-BC22-56CA7BB987FE}.Release|x64.Build.0 = Release|Any CPU
		{25C35347-4CFB-418D-BC22-56CA7BB987FE}.Release|x86.ActiveCfg = Release|Any CPU
		{25C35347-4CFB-418D-BC22-56CA7BB987FE}.Release|x86.Build.0 = Release|Any CPU
		{E97BC504-C1CB-4A26-A042-F6487E18079B}.Debug|Any CPU.ActiveCfg = Debug|Any CPU
		{E97BC504-C1CB-4A26-A042-F6487E18079B}.Debug|Any CPU.Build.0 = Debug|Any CPU
		{E97BC504-C1CB-4A26-A042-F6487E18079B}.Debug|x64.ActiveCfg = Debug|Any CPU
		{E97BC504-C1CB-4A26-A042-F6487E18079B}.Debug|x64.Build.0 = Debug|Any CPU
		{E97BC504-C1CB-4A26-A042-F6487E18079B}.Debug|x86.ActiveCfg = Debug|Any CPU
		{E97BC504-C1CB-4A26-A042-F6487E18079B}.Debug|x86.Build.0 = Debug|Any CPU
		{E97BC504-C1CB-4A26-A042-F6487E18079B}.Release|Any CPU.ActiveCfg = Release|Any CPU
		{E97BC504-C1CB-4A26-A042-F6487E18079B}.Release|Any CPU.Build.0 = Release|Any CPU
		{E97BC504-C1CB-4A26-A042-F6487E18079B}.Release|x64.ActiveCfg = Release|Any CPU
		{E97BC504-C1CB-4A26-A042-F6487E18079B}.Release|x64.Build.0 = Release|Any CPU
		{E97BC504-C1CB-4A26-A042-F6487E18079B}.Release|x86.ActiveCfg = Release|Any CPU
		{E97BC504-C1CB-4A26-A042-F6487E18079B}.Release|x86.Build.0 = Release|Any CPU
	EndGlobalSection
	GlobalSection(SolutionProperties) = preSolution
		HideSolutionNode = FALSE
	EndGlobalSection
	GlobalSection(NestedProjects) = preSolution
		{FCE1EB96-AD53-4477-A023-65598FA6527E} = {827E0CD3-B72D-47B6-A68D-7590B98EB39B}
		{25C35347-4CFB-418D-BC22-56CA7BB987FE} = {0AB3BF05-4346-4AA6-1389-037BE0695223}
		{E97BC504-C1CB-4A26-A042-F6487E18079B} = {5D20AA90-6969-D8BD-9DCD-8634F4692FDA}
	EndGlobalSection
EndGlobal
